{
  "originHash" : "d300acf74ad3b024fe0c1876bbe7a4534366925340af70f99834e05dd918ea0e",
  "pins" : [
    {
      "identity" : "azookeykanakanjiconverter",
      "kind" : "remoteSourceControl",
      "location" : "https://github.com/azooKey/AzooKeyKanaKanjiConverter",
      "state" : {
        "revision" : "ecb569963d2969340cca81a3fe6840bdb9a0afc7"
      }
    },
    {
      "identity" : "jinja",
      "kind" : "remoteSourceControl",
      "location" : "https://github.com/johnmai-dev/Jinja",
      "state" : {
        "revision" : "31c4dd39bcdc07eaa42a384bdc88ea599022b800",
        "version" : "1.1.2"
      }
    },
    {
      "identity" : "swift-algorithms",
      "kind" : "remoteSourceControl",
      "location" : "https://github.com/apple/swift-algorithms",
      "state" : {
        "revision" : "87e50f483c54e6efd60e885f7f5aa946cee68023",
        "version" : "1.2.1"
      }
    },
    {
      "identity" : "swift-atomics",
      "kind" : "remoteSourceControl",
      "location" : "https://github.com/apple/swift-atomics.git",
      "state" : {
        "revision" : "b601256eab081c0f92f059e12818ac1d4f178ff7",
        "version" : "1.3.0"
      }
    },
    {
      "identity" : "swift-collections",
      "kind" : "remoteSourceControl",
      "location" : "https://github.com/apple/swift-collections",
      "state" : {
        "revision" : "c1805596154bb3a265fd91b8ac0c4433b4348fb0",
        "version" : "1.2.0"
      }
    },
    {
      "identity" : "swift-log",
      "kind" : "remoteSourceControl",
      "location" : "https://github.com/apple/swift-log.git",
      "state" : {
        "revision" : "3d8596ed08bd13520157f0355e35caed215ffbfa",
        "version" : "1.6.3"
      }
    },
    {
      "identity" : "swift-log-oslog",
      "kind" : "remoteSourceControl",
      "location" : "https://github.com/chrisaljoudi/swift-log-oslog.git",
      "state" : {
        "revision" : "176d41d46429e79c806333025b226e0c50a0c602",
        "version" : "0.2.2"
      }
    },
    {
      "identity" : "swift-nio",
      "kind" : "remoteSourceControl",
      "location" : "https://github.com/apple/swift-nio.git",
      "state" : {
        "revision" : "ad6b5f17270a7008f60d35ec5378e6144a575162",
        "version" : "2.84.0"
      }
    },
    {
      "identity" : "swift-numerics",
      "kind" : "remoteSourceControl",
      "location" : "https://github.com/apple/swift-numerics.git",
      "state" : {
        "revision" : "e0ec0f5f3af6f3e4d5e7a19d2af26b481acb6ba8",
        "version" : "1.0.3"
      }
    },
    {
      "identity" : "swift-system",
      "kind" : "remoteSourceControl",
      "location" : "https://github.com/apple/swift-system.git",
      "state" : {
        "revision" : "61e4ca4b81b9e09e2ec863b00c340eb13497dac6",
        "version" : "1.5.0"
      }
    },
    {
      "identity" : "swift-tokenizers",
      "kind" : "remoteSourceControl",
      "location" : "https://github.com/ensan-hcl/swift-tokenizers",
      "state" : {
        "revision" : "4a606f66e0cc4d7d9f0197649e812f7fc86a4c34",
        "version" : "0.0.1"
      }
    },
    {
      "identity" : "swiftymarisa",
      "kind" : "remoteSourceControl",
      "location" : "https://github.com/ensan-hcl/SwiftyMarisa",
      "state" : {
        "revision" : "91acc3cb0e747e0bd4b0e0813d42fb273d10e62f",
        "version" : "0.0.1"
      }
    }
  ],
  "version" : 3
}
